
Microsoft Visual Studio Solution File, Format Version 12.00
# Visual Studio Version 16
VisualStudioVersion = 16.0.29306.81
MinimumVisualStudioVersion = 10.0.40219.1
Project("{9A19103F-16F7-4668-BE54-9A1E7A4F7556}") = "zork.common", "zork.common\zork.common.csproj", "{54F294D4-20C6-4C7E-AC3A-E17473C22FE8}"
EndProject
Project("{9A19103F-16F7-4668-BE54-9A1E7A4F7556}") = "zork.game", "zork.game\zork.game.csproj", "{D9E05AC0-2C5D-4AD9-99E3-0D5FF443ED61}"
EndProject
Project("{FAE04EC0-301F-11D3-BF4B-00C04F79EFBC}") = "Zorkbuilder", "Zorkbuilder\Zorkbuilder.csproj", "{8F274047-B3D4-4B8A-854C-66A3FDB023A0}"
EndProject
Global
	GlobalSection(SolutionConfigurationPlatforms) = preSolution
		Debug|Any CPU = Debug|Any CPU
		Release|Any CPU = Release|Any CPU
	EndGlobalSection
	GlobalSection(ProjectConfigurationPlatforms) = postSolution
		{54F294D4-20C6-4C7E-AC3A-E17473C22FE8}.Debug|Any CPU.ActiveCfg = Debug|Any CPU
		{54F294D4-20C6-4C7E-AC3A-E17473C22FE8}.Debug|Any CPU.Build.0 = Debug|Any CPU
		{54F294D4-20C6-4C7E-AC3A-E17473C22FE8}.Release|Any CPU.ActiveCfg = Release|Any CPU
		{54F294D4-20C6-4C7E-AC3A-E17473C22FE8}.Release|Any CPU.Build.0 = Release|Any CPU
		{D9E05AC0-2C5D-4AD9-99E3-0D5FF443ED61}.Debug|Any CPU.ActiveCfg = Debug|Any CPU
		{D9E05AC0-2C5D-4AD9-99E3-0D5FF443ED61}.Debug|Any CPU.Build.0 = Debug|Any CPU
		{D9E05AC0-2C5D-4AD9-99E3-0D5FF443ED61}.Release|Any CPU.ActiveCfg = Release|Any CPU
		{D9E05AC0-2C5D-4AD9-99E3-0D5FF443ED61}.Release|Any CPU.Build.0 = Release|Any CPU
		{8F274047-B3D4-4B8A-854C-66A3FDB023A0}.Debug|Any CPU.ActiveCfg = Debug|Any CPU
		{8F274047-B3D4-4B8A-854C-66A3FDB023A0}.Debug|Any CPU.Build.0 = Debug|Any CPU
		{8F274047-B3D4-4B8A-854C-66A3FDB023A0}.Release|Any CPU.ActiveCfg = Release|Any CPU
		{8F274047-B3D4-4B8A-854C-66A3FDB023A0}.Release|Any CPU.Build.0 = Release|Any CPU
	EndGlobalSection
	GlobalSection(SolutionProperties) = preSolution
		HideSolutionNode = FALSE
	EndGlobalSection
	GlobalSection(ExtensibilityGlobals) = postSolution
		SolutionGuid = {FBB48701-10E9-4C5F-8F45-25E2E36A7E4D}
	EndGlobalSection
EndGlobal
